
Microsoft Visual Studio Solution File, Format Version 12.00
# Visual Studio Version 17
VisualStudioVersion = 17.9.34728.123
MinimumVisualStudioVersion = 10.0.40219.1
Project("{FAE04EC0-301F-11D3-BF4B-00C04F79EFBC}") = "SimpleWebApp", "SimpleWebApp.csproj", "{7D992521-792E-448E-8B40-05E45AD181BB}"
EndProject
Global
	GlobalSection(SolutionConfigurationPlatforms) = preSolution
		Debug|Any CPU = Debug|Any CPU
		Release|Any CPU = Release|Any CPU
	EndGlobalSection
	GlobalSection(ProjectConfigurationPlatforms) = postSolution
		{7D992521-792E-448E-8B40-05E45AD181BB}.Debug|Any CPU.ActiveCfg = Debug|Any CPU
		{7D992521-792E-448E-8B40-05E45AD181BB}.Debug|Any CPU.Build.0 = Debug|Any CPU
		{7D992521-792E-448E-8B40-05E45AD181BB}.Release|Any CPU.ActiveCfg = Release|Any CPU
		{7D992521-792E-448E-8B40-05E45AD181BB}.Release|Any CPU.Build.0 = Release|Any CPU
	EndGlobalSection
	GlobalSection(SolutionProperties) = preSolution
		HideSolutionNode = FALSE
	EndGlobalSection
	GlobalSection(ExtensibilityGlobals) = postSolution
		SolutionGuid = {B53E7840-C27D-4C0D-97D0-8E44E3AB8CFF}
	EndGlobalSection
EndGlobal
